
Microsoft Visual Studio Solution File, Format Version 12.00
# Visual Studio Version 16
VisualStudioVersion = 16.0.31025.194
MinimumVisualStudioVersion = 10.0.40219.1
Project("{FAE04EC0-301F-11D3-BF4B-00C04F79EFBC}") = "Bookmarks.Web", "Bookmarks.Web\Bookmarks.Web.csproj", "{EBE808F7-3622-4FAF-AB01-CE89FC3A5A3C}"
EndProject
Project("{FAE04EC0-301F-11D3-BF4B-00C04F79EFBC}") = "Bookmarks.Data", "Bookmarks.Data\Bookmarks.Data.csproj", "{0E16D768-0454-4A56-A331-D10DDDEA0190}"
EndProject
Global
	GlobalSection(SolutionConfigurationPlatforms) = preSolution
		Debug|Any CPU = Debug|Any CPU
		Release|Any CPU = Release|Any CPU
	EndGlobalSection
	GlobalSection(ProjectConfigurationPlatforms) = postSolution
		{EBE808F7-3622-4FAF-AB01-CE89FC3A5A3C}.Debug|Any CPU.ActiveCfg = Debug|Any CPU
		{EBE808F7-3622-4FAF-AB01-CE89FC3A5A3C}.Debug|Any CPU.Build.0 = Debug|Any CPU
		{EBE808F7-3622-4FAF-AB01-CE89FC3A5A3C}.Release|Any CPU.ActiveCfg = Release|Any CPU
		{EBE808F7-3622-4FAF-AB01-CE89FC3A5A3C}.Release|Any CPU.Build.0 = Release|Any CPU
		{0E16D768-0454-4A56-A331-D10DDDEA0190}.Debug|Any CPU.ActiveCfg = Debug|Any CPU
		{0E16D768-0454-4A56-A331-D10DDDEA0190}.Debug|Any CPU.Build.0 = Debug|Any CPU
		{0E16D768-0454-4A56-A331-D10DDDEA0190}.Release|Any CPU.ActiveCfg = Release|Any CPU
		{0E16D768-0454-4A56-A331-D10DDDEA0190}.Release|Any CPU.Build.0 = Release|Any CPU
	EndGlobalSection
	GlobalSection(SolutionProperties) = preSolution
		HideSolutionNode = FALSE
	EndGlobalSection
	GlobalSection(ExtensibilityGlobals) = postSolution
		SolutionGuid = {AE3B593C-C7D3-45FB-B110-D91ACA089688}
	EndGlobalSection
EndGlobal
